
Microsoft Visual Studio Solution File, Format Version 12.00
# Visual Studio 15
VisualStudioVersion = 15.0.27004.2008
MinimumVisualStudioVersion = 10.0.40219.1
Project("{FAE04EC0-301F-11D3-BF4B-00C04F79EFBC}") = "ToddlerCalendar", "ToddlerCalendar\ToddlerCalendar.csproj", "{5707C5D0-58EE-41DE-843C-7B7AA0B33021}"
EndProject
Global
	GlobalSection(SolutionConfigurationPlatforms) = preSolution
		Debug|Any CPU = Debug|Any CPU
		Release|Any CPU = Release|Any CPU
	EndGlobalSection
	GlobalSection(ProjectConfigurationPlatforms) = postSolution
		{5707C5D0-58EE-41DE-843C-7B7AA0B33021}.Debug|Any CPU.ActiveCfg = Debug|Any CPU
		{5707C5D0-58EE-41DE-843C-7B7AA0B33021}.Debug|Any CPU.Build.0 = Debug|Any CPU
		{5707C5D0-58EE-41DE-843C-7B7AA0B33021}.Release|Any CPU.ActiveCfg = Release|Any CPU
		{5707C5D0-58EE-41DE-843C-7B7AA0B33021}.Release|Any CPU.Build.0 = Release|Any CPU
	EndGlobalSection
	GlobalSection(SolutionProperties) = preSolution
		HideSolutionNode = FALSE
	EndGlobalSection
	GlobalSection(ExtensibilityGlobals) = postSolution
		SolutionGuid = {593012EA-284E-4B7C-8243-D97672A6259F}
	EndGlobalSection
EndGlobal
